
Microsoft Visual Studio Solution File, Format Version 12.00
# Visual Studio 15
VisualStudioVersion = 15.0.26124.0
MinimumVisualStudioVersion = 15.0.26124.0
Project("{FAE04EC0-301F-11D3-BF4B-00C04F79EFBC}") = "KubTest.WebApi", "KubTest.WebApi\KubTest.WebApi.csproj", "{A2DDA576-8643-4F4A-93B7-2CEAA88D6A39}"
EndProject
Project("{FAE04EC0-301F-11D3-BF4B-00C04F79EFBC}") = "KubTest.EventSourcing", "KubTest.EventSourcing\KubTest.EventSourcing.csproj", "{4945B8CE-BF8D-4D85-8E1F-B2C52FF51FD1}"
EndProject
Project("{FAE04EC0-301F-11D3-BF4B-00C04F79EFBC}") = "KubTest.Model", "KubTest.Model\KubTest.Model.csproj", "{C721587B-D6C7-4269-8E25-D674127E5143}"
EndProject
Global
	GlobalSection(SolutionConfigurationPlatforms) = preSolution
		Debug|Any CPU = Debug|Any CPU
		Debug|x64 = Debug|x64
		Debug|x86 = Debug|x86
		Release|Any CPU = Release|Any CPU
		Release|x64 = Release|x64
		Release|x86 = Release|x86
	EndGlobalSection
	GlobalSection(SolutionProperties) = preSolution
		HideSolutionNode = FALSE
	EndGlobalSection
	GlobalSection(ProjectConfigurationPlatforms) = postSolution
		{A2DDA576-8643-4F4A-93B7-2CEAA88D6A39}.Debug|Any CPU.ActiveCfg = Debug|Any CPU
		{A2DDA576-8643-4F4A-93B7-2CEAA88D6A39}.Debug|Any CPU.Build.0 = Debug|Any CPU
		{A2DDA576-8643-4F4A-93B7-2CEAA88D6A39}.Debug|x64.ActiveCfg = Debug|x64
		{A2DDA576-8643-4F4A-93B7-2CEAA88D6A39}.Debug|x64.Build.0 = Debug|x64
		{A2DDA576-8643-4F4A-93B7-2CEAA88D6A39}.Debug|x86.ActiveCfg = Debug|x86
		{A2DDA576-8643-4F4A-93B7-2CEAA88D6A39}.Debug|x86.Build.0 = Debug|x86
		{A2DDA576-8643-4F4A-93B7-2CEAA88D6A39}.Release|Any CPU.ActiveCfg = Release|Any CPU
		{A2DDA576-8643-4F4A-93B7-2CEAA88D6A39}.Release|Any CPU.Build.0 = Release|Any CPU
		{A2DDA576-8643-4F4A-93B7-2CEAA88D6A39}.Release|x64.ActiveCfg = Release|x64
		{A2DDA576-8643-4F4A-93B7-2CEAA88D6A39}.Release|x64.Build.0 = Release|x64
		{A2DDA576-8643-4F4A-93B7-2CEAA88D6A39}.Release|x86.ActiveCfg = Release|x86
		{A2DDA576-8643-4F4A-93B7-2CEAA88D6A39}.Release|x86.Build.0 = Release|x86
		{4945B8CE-BF8D-4D85-8E1F-B2C52FF51FD1}.Debug|Any CPU.ActiveCfg = Debug|Any CPU
		{4945B8CE-BF8D-4D85-8E1F-B2C52FF51FD1}.Debug|Any CPU.Build.0 = Debug|Any CPU
		{4945B8CE-BF8D-4D85-8E1F-B2C52FF51FD1}.Debug|x64.ActiveCfg = Debug|x64
		{4945B8CE-BF8D-4D85-8E1F-B2C52FF51FD1}.Debug|x64.Build.0 = Debug|x64
		{4945B8CE-BF8D-4D85-8E1F-B2C52FF51FD1}.Debug|x86.ActiveCfg = Debug|x86
		{4945B8CE-BF8D-4D85-8E1F-B2C52FF51FD1}.Debug|x86.Build.0 = Debug|x86
		{4945B8CE-BF8D-4D85-8E1F-B2C52FF51FD1}.Release|Any CPU.ActiveCfg = Release|Any CPU
		{4945B8CE-BF8D-4D85-8E1F-B2C52FF51FD1}.Release|Any CPU.Build.0 = Release|Any CPU
		{4945B8CE-BF8D-4D85-8E1F-B2C52FF51FD1}.Release|x64.ActiveCfg = Release|x64
		{4945B8CE-BF8D-4D85-8E1F-B2C52FF51FD1}.Release|x64.Build.0 = Release|x64
		{4945B8CE-BF8D-4D85-8E1F-B2C52FF51FD1}.Release|x86.ActiveCfg = Release|x86
		{4945B8CE-BF8D-4D85-8E1F-B2C52FF51FD1}.Release|x86.Build.0 = Release|x86
		{C721587B-D6C7-4269-8E25-D674127E5143}.Debug|Any CPU.ActiveCfg = Debug|Any CPU
		{C721587B-D6C7-4269-8E25-D674127E5143}.Debug|Any CPU.Build.0 = Debug|Any CPU
		{C721587B-D6C7-4269-8E25-D674127E5143}.Debug|x64.ActiveCfg = Debug|x64
		{C721587B-D6C7-4269-8E25-D674127E5143}.Debug|x64.Build.0 = Debug|x64
		{C721587B-D6C7-4269-8E25-D674127E5143}.Debug|x86.ActiveCfg = Debug|x86
		{C721587B-D6C7-4269-8E25-D674127E5143}.Debug|x86.Build.0 = Debug|x86
		{C721587B-D6C7-4269-8E25-D674127E5143}.Release|Any CPU.ActiveCfg = Release|Any CPU
		{C721587B-D6C7-4269-8E25-D674127E5143}.Release|Any CPU.Build.0 = Release|Any CPU
		{C721587B-D6C7-4269-8E25-D674127E5143}.Release|x64.ActiveCfg = Release|x64
		{C721587B-D6C7-4269-8E25-D674127E5143}.Release|x64.Build.0 = Release|x64
		{C721587B-D6C7-4269-8E25-D674127E5143}.Release|x86.ActiveCfg = Release|x86
		{C721587B-D6C7-4269-8E25-D674127E5143}.Release|x86.Build.0 = Release|x86
	EndGlobalSection
EndGlobal
